// !$*UTF8*$!
{
	archiveVersion = 1;
	classes = {
	};
	objectVersion = 55;
	objects = {

/* Begin PBXBuildFile section */
		A211AD4628DA9D1A0083EDFD /* AppDelegate.swift in Sources */ = {isa = PBXBuildFile; fileRef = A211AD4528DA9D1A0083EDFD /* AppDelegate.swift */; };
		A211AD4828DA9D1A0083EDFD /* SceneDelegate.swift in Sources */ = {isa = PBXBuildFile; fileRef = A211AD4728DA9D1A0083EDFD /* SceneDelegate.swift */; };
		A211AD4A28DA9D1A0083EDFD /* ViewController.swift in Sources */ = {isa = PBXBuildFile; fileRef = A211AD4928DA9D1A0083EDFD /* ViewController.swift */; };
		A211AD4D28DA9D1A0083EDFD /* Main.storyboard in Resources */ = {isa = PBXBuildFile; fileRef = A211AD4B28DA9D1A0083EDFD /* Main.storyboard */; };
		A211AD4F28DA9D1B0083EDFD /* Assets.xcassets in Resources */ = {isa = PBXBuildFile; fileRef = A211AD4E28DA9D1B0083EDFD /* Assets.xcassets */; };
		A211AD5228DA9D1B0083EDFD /* LaunchScreen.storyboard in Resources */ = {isa = PBXBuildFile; fileRef = A211AD5028DA9D1B0083EDFD /* LaunchScreen.storyboard */; };
		A211AD5D28DA9D1B0083EDFD /* RocketMortgageTests.swift in Sources */ = {isa = PBXBuildFile; fileRef = A211AD5C28DA9D1B0083EDFD /* RocketMortgageTests.swift */; };
		A211AD6728DA9D1B0083EDFD /* RocketMortgageUITests.swift in Sources */ = {isa = PBXBuildFile; fileRef = A211AD6628DA9D1B0083EDFD /* RocketMortgageUITests.swift */; };
		A211AD6928DA9D1B0083EDFD /* RocketMortgageUITestsLaunchTests.swift in Sources */ = {isa = PBXBuildFile; fileRef = A211AD6828DA9D1B0083EDFD /* RocketMortgageUITestsLaunchTests.swift */; };
/* End PBXBuildFile section */

/* Begin PBXContainerItemProxy section */
		A211AD5928DA9D1B0083EDFD /* PBXContainerItemProxy */ = {
			isa = PBXContainerItemProxy;
			containerPortal = A211AD3A28DA9D1A0083EDFD /* Project object */;
			proxyType = 1;
			remoteGlobalIDString = A211AD4128DA9D1A0083EDFD;
			remoteInfo = RocketMortgage;
		};
		A211AD6328DA9D1B0083EDFD /* PBXContainerItemProxy */ = {
			isa = PBXContainerItemProxy;
			containerPortal = A211AD3A28DA9D1A0083EDFD /* Project object */;
			proxyType = 1;
			remoteGlobalIDString = A211AD4128DA9D1A0083EDFD;
			remoteInfo = RocketMortgage;
		};
/* End PBXContainerItemProxy section */

/* Begin PBXFileReference section */
		A211AD4228DA9D1A0083EDFD /* RocketMortgage.app */ = {isa = PBXFileReference; explicitFileType = wrapper.application; includeInIndex = 0; path = RocketMortgage.app; sourceTree = BUILT_PRODUCTS_DIR; };
		A211AD4528DA9D1A0083EDFD /* AppDelegate.swift */ = {isa = PBXFileReference; lastKnownFileType = sourcecode.swift; path = AppDelegate.swift; sourceTree = "<group>"; };
		A211AD4728DA9D1A0083EDFD /* SceneDelegate.swift */ = {isa = PBXFileReference; lastKnownFileType = sourcecode.swift; path = SceneDelegate.swift; sourceTree = "<group>"; };
		A211AD4928DA9D1A0083EDFD /* ViewController.swift */ = {isa = PBXFileReference; lastKnownFileType = sourcecode.swift; path = ViewController.swift; sourceTree = "<group>"; };
		A211AD4C28DA9D1A0083EDFD /* Base */ = {isa = PBXFileReference; lastKnownFileType = file.storyboard; name = Base; path = Base.lproj/Main.storyboard; sourceTree = "<group>"; };
		A211AD4E28DA9D1B0083EDFD /* Assets.xcassets */ = {isa = PBXFileReference; lastKnownFileType = folder.assetcatalog; path = Assets.xcassets; sourceTree = "<group>"; };
		A211AD5128DA9D1B0083EDFD /* Base */ = {isa = PBXFileReference; lastKnownFileType = file.storyboard; name = Base; path = Base.lproj/LaunchScreen.storyboard; sourceTree = "<group>"; };
		A211AD5328DA9D1B0083EDFD /* Info.plist */ = {isa = PBXFileReference; lastKnownFileType = text.plist.xml; path = Info.plist; sourceTree = "<group>"; };
		A211AD5828DA9D1B0083EDFD /* RocketMortgageTests.xctest */ = {isa = PBXFileReference; explicitFileType = wrapper.cfbundle; includeInIndex = 0; path = RocketMortgageTests.xctest; sourceTree = BUILT_PRODUCTS_DIR; };
		A211AD5C28DA9D1B0083EDFD /* RocketMortgageTests.swift */ = {isa = PBXFileReference; lastKnownFileType = sourcecode.swift; path = RocketMortgageTests.swift; sourceTree = "<group>"; };
		A211AD6228DA9D1B0083EDFD /* RocketMortgageUITests.xctest */ = {isa = PBXFileReference; explicitFileType = wrapper.cfbundle; includeInIndex = 0; path = RocketMortgageUITests.xctest; sourceTree = BUILT_PRODUCTS_DIR; };
		A211AD6628DA9D1B0083EDFD /* RocketMortgageUITests.swift */ = {isa = PBXFileReference; lastKnownFileType = sourcecode.swift; path = RocketMortgageUITests.swift; sourceTree = "<group>"; };
		A211AD6828DA9D1B0083EDFD /* RocketMortgageUITestsLaunchTests.swift */ = {isa = PBXFileReference; lastKnownFileType = sourcecode.swift; path = RocketMortgageUITestsLaunchTests.swift; sourceTree = "<group>"; };
/* End PBXFileReference section */

/* Begin PBXFrameworksBuildPhase section */
		A211AD3F28DA9D1A0083EDFD /* Frameworks */ = {
			isa = PBXFrameworksBuildPhase;
			buildActionMask = 2147483647;
			files = (
			);
			runOnlyForDeploymentPostprocessing = 0;
		};
		A211AD5528DA9D1B0083EDFD /* Frameworks */ = {
			isa = PBXFrameworksBuildPhase;
			buildActionMask = 2147483647;
			files = (
			);
			runOnlyForDeploymentPostprocessing = 0;
		};
		A211AD5F28DA9D1B0083EDFD /* Frameworks */ = {
			isa = PBXFrameworksBuildPhase;
			buildActionMask = 2147483647;
			files = (
			);
			runOnlyForDeploymentPostprocessing = 0;
		};
/* End PBXFrameworksBuildPhase section */

/* Begin PBXGroup section */
		A211AD3928DA9D1A0083EDFD = {
			isa = PBXGroup;
			children = (
				A211AD4428DA9D1A0083EDFD /* RocketMortgage */,
				A211AD5B28DA9D1B0083EDFD /* RocketMortgageTests */,
				A211AD6528DA9D1B0083EDFD /* RocketMortgageUITests */,
				A211AD4328DA9D1A0083EDFD /* Products */,
			);
			sourceTree = "<group>";
		};
		A211AD4328DA9D1A0083EDFD /* Products */ = {
			isa = PBXGroup;
			children = (
				A211AD4228DA9D1A0083EDFD /* RocketMortgage.app */,
				A211AD5828DA9D1B0083EDFD /* RocketMortgageTests.xctest */,
				A211AD6228DA9D1B0083EDFD /* RocketMortgageUITests.xctest */,
			);
			name = Products;
			sourceTree = "<group>";
		};
		A211AD4428DA9D1A0083EDFD /* RocketMortgage */ = {
			isa = PBXGroup;
			children = (
				A211AD4528DA9D1A0083EDFD /* AppDelegate.swift */,
				A211AD4728DA9D1A0083EDFD /* SceneDelegate.swift */,
				A211AD4928DA9D1A0083EDFD /* ViewController.swift */,
				A211AD4B28DA9D1A0083EDFD /* Main.storyboard */,
				A211AD4E28DA9D1B0083EDFD /* Assets.xcassets */,
				A211AD5028DA9D1B0083EDFD /* LaunchScreen.storyboard */,
				A211AD5328DA9D1B0083EDFD /* Info.plist */,
			);
			path = RocketMortgage;
			sourceTree = "<group>";
		};
		A211AD5B28DA9D1B0083EDFD /* RocketMortgageTests */ = {
			isa = PBXGroup;
			children = (
				A211AD5C28DA9D1B0083EDFD /* RocketMortgageTests.swift */,
			);
			path = RocketMortgageTests;
			sourceTree = "<group>";
		};
		A211AD6528DA9D1B0083EDFD /* RocketMortgageUITests */ = {
			isa = PBXGroup;
			children = (
				A211AD6628DA9D1B0083EDFD /* RocketMortgageUITests.swift */,
				A211AD6828DA9D1B0083EDFD /* RocketMortgageUITestsLaunchTests.swift */,
			);
			path = RocketMortgageUITests;
			sourceTree = "<group>";
		};
/* End PBXGroup section */

/* Begin PBXNativeTarget section */
		A211AD4128DA9D1A0083EDFD /* RocketMortgage */ = {
			isa = PBXNativeTarget;
			buildConfigurationList = A211AD6C28DA9D1B0083EDFD /* Build configuration list for PBXNativeTarget "RocketMortgage" */;
			buildPhases = (
				A211AD3E28DA9D1A0083EDFD /* Sources */,
				A211AD3F28DA9D1A0083EDFD /* Frameworks */,
				A211AD4028DA9D1A0083EDFD /* Resources */,
			);
			buildRules = (
			);
			dependencies = (
			);
			name = RocketMortgage;
			productName = RocketMortgage;
			productReference = A211AD4228DA9D1A0083EDFD /* RocketMortgage.app */;
			productType = "com.apple.product-type.application";
		};
		A211AD5728DA9D1B0083EDFD /* RocketMortgageTests */ = {
			isa = PBXNativeTarget;
			buildConfigurationList = A211AD6F28DA9D1B0083EDFD /* Build configuration list for PBXNativeTarget "RocketMortgageTests" */;
			buildPhases = (
				A211AD5428DA9D1B0083EDFD /* Sources */,
				A211AD5528DA9D1B0083EDFD /* Frameworks */,
				A211AD5628DA9D1B0083EDFD /* Resources */,
			);
			buildRules = (
			);
			dependencies = (
				A211AD5A28DA9D1B0083EDFD /* PBXTargetDependency */,
			);
			name = RocketMortgageTests;
			productName = RocketMortgageTests;
			productReference = A211AD5828DA9D1B0083EDFD /* RocketMortgageTests.xctest */;
			productType = "com.apple.product-type.bundle.unit-test";
		};
		A211AD6128DA9D1B0083EDFD /* RocketMortgageUITests */ = {
			isa = PBXNativeTarget;
			buildConfigurationList = A211AD7228DA9D1B0083EDFD /* Build configuration list for PBXNativeTarget "RocketMortgageUITests" */;
			buildPhases = (
				A211AD5E28DA9D1B0083EDFD /* Sources */,
				A211AD5F28DA9D1B0083EDFD /* Frameworks */,
				A211AD6028DA9D1B0083EDFD /* Resources */,
			);
			buildRules = (
			);
			dependencies = (
				A211AD6428DA9D1B0083EDFD /* PBXTargetDependency */,
			);
			name = RocketMortgageUITests;
			productName = RocketMortgageUITests;
			productReference = A211AD6228DA9D1B0083EDFD /* RocketMortgageUITests.xctest */;
			productType = "com.apple.product-type.bundle.ui-testing";
		};
/* End PBXNativeTarget section */

/* Begin PBXProject section */
		A211AD3A28DA9D1A0083EDFD /* Project object */ = {
			isa = PBXProject;
			attributes = {
				BuildIndependentTargetsInParallel = 1;
				LastSwiftUpdateCheck = 1320;
				LastUpgradeCheck = 1320;
				TargetAttributes = {
					A211AD4128DA9D1A0083EDFD = {
						CreatedOnToolsVersion = 13.2.1;
					};
					A211AD5728DA9D1B0083EDFD = {
						CreatedOnToolsVersion = 13.2.1;
						TestTargetID = A211AD4128DA9D1A0083EDFD;
					};
					A211AD6128DA9D1B0083EDFD = {
						CreatedOnToolsVersion = 13.2.1;
						TestTargetID = A211AD4128DA9D1A0083EDFD;
					};
				};
			};
			buildConfigurationList = A211AD3D28DA9D1A0083EDFD /* Build configuration list for PBXProject "RocketMortgage" */;
			compatibilityVersion = "Xcode 13.0";
			developmentRegion = en;
			hasScannedForEncodings = 0;
			knownRegions = (
				en,
				Base,
			);
			mainGroup = A211AD3928DA9D1A0083EDFD;
			productRefGroup = A211AD4328DA9D1A0083EDFD /* Products */;
			projectDirPath = "";
			projectRoot = "";
			targets = (
				A211AD4128DA9D1A0083EDFD /* RocketMortgage */,
				A211AD5728DA9D1B0083EDFD /* RocketMortgageTests */,
				A211AD6128DA9D1B0083EDFD /* RocketMortgageUITests */,
			);
		};
/* End PBXProject section */

/* Begin PBXResourcesBuildPhase section */
		A211AD4028DA9D1A0083EDFD /* Resources */ = {
			isa = PBXResourcesBuildPhase;
			buildActionMask = 2147483647;
			files = (
				A211AD5228DA9D1B0083EDFD /* LaunchScreen.storyboard in Resources */,
				A211AD4F28DA9D1B0083EDFD /* Assets.xcassets in Resources */,
				A211AD4D28DA9D1A0083EDFD /* Main.storyboard in Resources */,
			);
			runOnlyForDeploymentPostprocessing = 0;
		};
		A211AD5628DA9D1B0083EDFD /* Resources */ = {
			isa = PBXResourcesBuildPhase;
			buildActionMask = 2147483647;
			files = (
			);
			runOnlyForDeploymentPostprocessing = 0;
		};
		A211AD6028DA9D1B0083EDFD /* Resources */ = {
			isa = PBXResourcesBuildPhase;
			buildActionMask = 2147483647;
			files = (
			);
			runOnlyForDeploymentPostprocessing = 0;
		};
/* End PBXResourcesBuildPhase section */

/* Begin PBXSourcesBuildPhase section */
		A211AD3E28DA9D1A0083EDFD /* Sources */ = {
			isa = PBXSourcesBuildPhase;
			buildActionMask = 2147483647;
			files = (
				A211AD4A28DA9D1A0083EDFD /* ViewController.swift in Sources */,
				A211AD4628DA9D1A0083EDFD /* AppDelegate.swift in Sources */,
				A211AD4828DA9D1A0083EDFD /* SceneDelegate.swift in Sources */,
			);
			runOnlyForDeploymentPostprocessing = 0;
		};
		A211AD5428DA9D1B0083EDFD /* Sources */ = {
			isa = PBXSourcesBuildPhase;
			buildActionMask = 2147483647;
			files = (
				A211AD5D28DA9D1B0083EDFD /* RocketMortgageTests.swift in Sources */,
			);
			runOnlyForDeploymentPostprocessing = 0;
		};
		A211AD5E28DA9D1B0083EDFD /* Sources */ = {
			isa = PBXSourcesBuildPhase;
			buildActionMask = 2147483647;
			files = (
				A211AD6928DA9D1B0083EDFD /* RocketMortgageUITestsLaunchTests.swift in Sources */,
				A211AD6728DA9D1B0083EDFD /* RocketMortgageUITests.swift in Sources */,
			);
			runOnlyForDeploymentPostprocessing = 0;
		};
/* End PBXSourcesBuildPhase section */

/* Begin PBXTargetDependency section */
		A211AD5A28DA9D1B0083EDFD /* PBXTargetDependency */ = {
			isa = PBXTargetDependency;
			target = A211AD4128DA9D1A0083EDFD /* RocketMortgage */;
			targetProxy = A211AD5928DA9D1B0083EDFD /* PBXContainerItemProxy */;
		};
		A211AD6428DA9D1B0083EDFD /* PBXTargetDependency */ = {
			isa = PBXTargetDependency;
			target = A211AD4128DA9D1A0083EDFD /* RocketMortgage */;
			targetProxy = A211AD6328DA9D1B0083EDFD /* PBXContainerItemProxy */;
		};
/* End PBXTargetDependency section */

/* Begin PBXVariantGroup section */
		A211AD4B28DA9D1A0083EDFD /* Main.storyboard */ = {
			isa = PBXVariantGroup;
			children = (
				A211AD4C28DA9D1A0083EDFD /* Base */,
			);
			name = Main.storyboard;
			sourceTree = "<group>";
		};
		A211AD5028DA9D1B0083EDFD /* LaunchScreen.storyboard */ = {
			isa = PBXVariantGroup;
			children = (
				A211AD5128DA9D1B0083EDFD /* Base */,
			);
			name = LaunchScreen.storyboard;
			sourceTree = "<group>";
		};
/* End PBXVariantGroup section */

/* Begin XCBuildConfiguration section */
		A211AD6A28DA9D1B0083EDFD /* Debug */ = {
			isa = XCBuildConfiguration;
			buildSettings = {
				ALWAYS_SEARCH_USER_PATHS = NO;
				CLANG_ANALYZER_NONNULL = YES;
				CLANG_ANALYZER_NUMBER_OBJECT_CONVERSION = YES_AGGRESSIVE;
				CLANG_CXX_LANGUAGE_STANDARD = "gnu++17";
				CLANG_CXX_LIBRARY = "libc++";
				CLANG_ENABLE_MODULES = YES;
				CLANG_ENABLE_OBJC_ARC = YES;
				CLANG_ENABLE_OBJC_WEAK = YES;
				CLANG_WARN_BLOCK_CAPTURE_AUTORELEASING = YES;
				CLANG_WARN_BOOL_CONVERSION = YES;
				CLANG_WARN_COMMA = YES;
				CLANG_WARN_CONSTANT_CONVERSION = YES;
				CLANG_WARN_DEPRECATED_OBJC_IMPLEMENTATIONS = YES;
				CLANG_WARN_DIRECT_OBJC_ISA_USAGE = YES_ERROR;
				CLANG_WARN_DOCUMENTATION_COMMENTS = YES;
				CLANG_WARN_EMPTY_BODY = YES;
				CLANG_WARN_ENUM_CONVERSION = YES;
				CLANG_WARN_INFINITE_RECURSION = YES;
				CLANG_WARN_INT_CONVERSION = YES;
				CLANG_WARN_NON_LITERAL_NULL_CONVERSION = YES;
				CLANG_WARN_OBJC_IMPLICIT_RETAIN_SELF = YES;
				CLANG_WARN_OBJC_LITERAL_CONVERSION = YES;
				CLANG_WARN_OBJC_ROOT_CLASS = YES_ERROR;
				CLANG_WARN_QUOTED_INCLUDE_IN_FRAMEWORK_HEADER = YES;
				CLANG_WARN_RANGE_LOOP_ANALYSIS = YES;
				CLANG_WARN_STRICT_PROTOTYPES = YES;
				CLANG_WARN_SUSPICIOUS_MOVE = YES;
				CLANG_WARN_UNGUARDED_AVAILABILITY = YES_AGGRESSIVE;
				CLANG_WARN_UNREACHABLE_CODE = YES;
				CLANG_WARN__DUPLICATE_METHOD_MATCH = YES;
				COPY_PHASE_STRIP = NO;
				DEBUG_INFORMATION_FORMAT = dwarf;
				ENABLE_STRICT_OBJC_MSGSEND = YES;
				ENABLE_TESTABILITY = YES;
				GCC_C_LANGUAGE_STANDARD = gnu11;
				GCC_DYNAMIC_NO_PIC = NO;
				GCC_NO_COMMON_BLOCKS = YES;
				GCC_OPTIMIZATION_LEVEL = 0;
				GCC_PREPROCESSOR_DEFINITIONS = (
					"DEBUG=1",
					"$(inherited)",
				);
				GCC_WARN_64_TO_32_BIT_CONVERSION = YES;
				GCC_WARN_ABOUT_RETURN_TYPE = YES_ERROR;
				GCC_WARN_UNDECLARED_SELECTOR = YES;
				GCC_WARN_UNINITIALIZED_AUTOS = YES_AGGRESSIVE;
				GCC_WARN_UNUSED_FUNCTION = YES;
				GCC_WARN_UNUSED_VARIABLE = YES;
				IPHONEOS_DEPLOYMENT_TARGET = 15.2;
				MTL_ENABLE_DEBUG_INFO = INCLUDE_SOURCE;
				MTL_FAST_MATH = YES;
				ONLY_ACTIVE_ARCH = YES;
				SDKROOT = iphoneos;
				SWIFT_ACTIVE_COMPILATION_CONDITIONS = DEBUG;
				SWIFT_OPTIMIZATION_LEVEL = "-Onone";
			};
			name = Debug;
		};
		A211AD6B28DA9D1B0083EDFD /* Release */ = {
			isa = XCBuildConfiguration;
			buildSettings = {
				ALWAYS_SEARCH_USER_PATHS = NO;
				CLANG_ANALYZER_NONNULL = YES;
				CLANG_ANALYZER_NUMBER_OBJECT_CONVERSION = YES_AGGRESSIVE;
				CLANG_CXX_LANGUAGE_STANDARD = "gnu++17";
				CLANG_CXX_LIBRARY = "libc++";
				CLANG_ENABLE_MODULES = YES;
				CLANG_ENABLE_OBJC_ARC = YES;
				CLANG_ENABLE_OBJC_WEAK = YES;
				CLANG_WARN_BLOCK_CAPTURE_AUTORELEASING = YES;
				CLANG_WARN_BOOL_CONVERSION = YES;
				CLANG_WARN_COMMA = YES;
				CLANG_WARN_CONSTANT_CONVERSION = YES;
				CLANG_WARN_DEPRECATED_OBJC_IMPLEMENTATIONS = YES;
				CLANG_WARN_DIRECT_OBJC_ISA_USAGE = YES_ERROR;
				CLANG_WARN_DOCUMENTATION_COMMENTS = YES;
				CLANG_WARN_EMPTY_BODY = YES;
				CLANG_WARN_ENUM_CONVERSION = YES;
				CLANG_WARN_INFINITE_RECURSION = YES;
				CLANG_WARN_INT_CONVERSION = YES;
				CLANG_WARN_NON_LITERAL_NULL_CONVERSION = YES;
				CLANG_WARN_OBJC_IMPLICIT_RETAIN_SELF = YES;
				CLANG_WARN_OBJC_LITERAL_CONVERSION = YES;
				CLANG_WARN_OBJC_ROOT_CLASS = YES_ERROR;
				CLANG_WARN_QUOTED_INCLUDE_IN_FRAMEWORK_HEADER = YES;
				CLANG_WARN_RANGE_LOOP_ANALYSIS = YES;
				CLANG_WARN_STRICT_PROTOTYPES = YES;
				CLANG_WARN_SUSPICIOUS_MOVE = YES;
				CLANG_WARN_UNGUARDED_AVAILABILITY = YES_AGGRESSIVE;
				CLANG_WARN_UNREACHABLE_CODE = YES;
				CLANG_WARN__DUPLICATE_METHOD_MATCH = YES;
				COPY_PHASE_STRIP = NO;
				DEBUG_INFORMATION_FORMAT = "dwarf-with-dsym";
				ENABLE_NS_ASSERTIONS = NO;
				ENABLE_STRICT_OBJC_MSGSEND = YES;
				GCC_C_LANGUAGE_STANDARD = gnu11;
				GCC_NO_COMMON_BLOCKS = YES;
				GCC_WARN_64_TO_32_BIT_CONVERSION = YES;
				GCC_WARN_ABOUT_RETURN_TYPE = YES_ERROR;
				GCC_WARN_UNDECLARED_SELECTOR = YES;
				GCC_WARN_UNINITIALIZED_AUTOS = YES_AGGRESSIVE;
				GCC_WARN_UNUSED_FUNCTION = YES;
				GCC_WARN_UNUSED_VARIABLE = YES;
				IPHONEOS_DEPLOYMENT_TARGET = 15.2;
				MTL_ENABLE_DEBUG_INFO = NO;
				MTL_FAST_MATH = YES;
				SDKROOT = iphoneos;
				SWIFT_COMPILATION_MODE = wholemodule;
				SWIFT_OPTIMIZATION_LEVEL = "-O";
				VALIDATE_PRODUCT = YES;
			};
			name = Release;
		};
		A211AD6D28DA9D1B0083EDFD /* Debug */ = {
			isa = XCBuildConfiguration;
			buildSettings = {
				ASSETCATALOG_COMPILER_APPICON_NAME = AppIcon;
				ASSETCATALOG_COMPILER_GLOBAL_ACCENT_COLOR_NAME = AccentColor;
				CODE_SIGN_STYLE = Automatic;
				CURRENT_PROJECT_VERSION = 1;
				DEVELOPMENT_TEAM = 97K577ZYQT;
				GENERATE_INFOPLIST_FILE = YES;
				INFOPLIST_FILE = RocketMortgage/Info.plist;
				INFOPLIST_KEY_UIApplicationSupportsIndirectInputEvents = YES;
				INFOPLIST_KEY_UILaunchStoryboardName = LaunchScreen;
				INFOPLIST_KEY_UIMainStoryboardFile = Main;
				INFOPLIST_KEY_UISupportedInterfaceOrientations_iPad = "UIInterfaceOrientationPortrait UIInterfaceOrientationPortraitUpsideDown UIInterfaceOrientationLandscapeLeft UIInterfaceOrientationLandscapeRight";
				INFOPLIST_KEY_UISupportedInterfaceOrientations_iPhone = "UIInterfaceOrientationPortrait UIInterfaceOrientationLandscapeLeft UIInterfaceOrientationLandscapeRight";
				LD_RUNPATH_SEARCH_PATHS = (
					"$(inherited)",
					"@executable_path/Frameworks",
				);
				MARKETING_VERSION = 1.0;
				PRODUCT_BUNDLE_IDENTIFIER = AlexFallah.RocketMortgage;
				PRODUCT_NAME = "$(TARGET_NAME)";
				SWIFT_EMIT_LOC_STRINGS = YES;
				SWIFT_VERSION = 5.0;
				TARGETED_DEVICE_FAMILY = "1,2";
			};
			name = Debug;
		};
		A211AD6E28DA9D1B0083EDFD /* Release */ = {
			isa = XCBuildConfiguration;
			buildSettings = {
				ASSETCATALOG_COMPILER_APPICON_NAME = AppIcon;
				ASSETCATALOG_COMPILER_GLOBAL_ACCENT_COLOR_NAME = AccentColor;
				CODE_SIGN_STYLE = Automatic;
				CURRENT_PROJECT_VERSION = 1;
				DEVELOPMENT_TEAM = 97K577ZYQT;
				GENERATE_INFOPLIST_FILE = YES;
				INFOPLIST_FILE = RocketMortgage/Info.plist;
				INFOPLIST_KEY_UIApplicationSupportsIndirectInputEvents = YES;
				INFOPLIST_KEY_UILaunchStoryboardName = LaunchScreen;
				INFOPLIST_KEY_UIMainStoryboardFile = Main;
				INFOPLIST_KEY_UISupportedInterfaceOrientations_iPad = "UIInterfaceOrientationPortrait UIInterfaceOrientationPortraitUpsideDown UIInterfaceOrientationLandscapeLeft UIInterfaceOrientationLandscapeRight";
				INFOPLIST_KEY_UISupportedInterfaceOrientations_iPhone = "UIInterfaceOrientationPortrait UIInterfaceOrientationLandscapeLeft UIInterfaceOrientationLandscapeRight";
				LD_RUNPATH_SEARCH_PATHS = (
					"$(inherited)",
					"@executable_path/Frameworks",
				);
				MARKETING_VERSION = 1.0;
				PRODUCT_BUNDLE_IDENTIFIER = AlexFallah.RocketMortgage;
				PRODUCT_NAME = "$(TARGET_NAME)";
				SWIFT_EMIT_LOC_STRINGS = YES;
				SWIFT_VERSION = 5.0;
				TARGETED_DEVICE_FAMILY = "1,2";
			};
			name = Release;
		};
		A211AD7028DA9D1B0083EDFD /* Debug */ = {
			isa = XCBuildConfiguration;
			buildSettings = {
				ALWAYS_EMBED_SWIFT_STANDARD_LIBRARIES = YES;
				BUNDLE_LOADER = "$(TEST_HOST)";
				CODE_SIGN_STYLE = Automatic;
				CURRENT_PROJECT_VERSION = 1;
				DEVELOPMENT_TEAM = 97K577ZYQT;
				GENERATE_INFOPLIST_FILE = YES;
				IPHONEOS_DEPLOYMENT_TARGET = 15.2;
				MARKETING_VERSION = 1.0;
				PRODUCT_BUNDLE_IDENTIFIER = AlexFallah.RocketMortgageTests;
				PRODUCT_NAME = "$(TARGET_NAME)";
				SWIFT_EMIT_LOC_STRINGS = NO;
				SWIFT_VERSION = 5.0;
				TARGETED_DEVICE_FAMILY = "1,2";
				TEST_HOST = "$(BUILT_PRODUCTS_DIR)/RocketMortgage.app/RocketMortgage";
			};
			name = Debug;
		};
		A211AD7128DA9D1B0083EDFD /* Release */ = {
			isa = XCBuildConfiguration;
			buildSettings = {
				ALWAYS_EMBED_SWIFT_STANDARD_LIBRARIES = YES;
				BUNDLE_LOADER = "$(TEST_HOST)";
				CODE_SIGN_STYLE = Automatic;
				CURRENT_PROJECT_VERSION = 1;
				DEVELOPMENT_TEAM = 97K577ZYQT;
				GENERATE_INFOPLIST_FILE = YES;
				IPHONEOS_DEPLOYMENT_TARGET = 15.2;
				MARKETING_VERSION = 1.0;
				PRODUCT_BUNDLE_IDENTIFIER = AlexFallah.RocketMortgageTests;
				PRODUCT_NAME = "$(TARGET_NAME)";
				SWIFT_EMIT_LOC_STRINGS = NO;
				SWIFT_VERSION = 5.0;
				TARGETED_DEVICE_FAMILY = "1,2";
				TEST_HOST = "$(BUILT_PRODUCTS_DIR)/RocketMortgage.app/RocketMortgage";
			};
			name = Release;
		};
		A211AD7328DA9D1B0083EDFD /* Debug */ = {
			isa = XCBuildConfiguration;
			buildSettings = {
				ALWAYS_EMBED_SWIFT_STANDARD_LIBRARIES = YES;
				CODE_SIGN_STYLE = Automatic;
				CURRENT_PROJECT_VERSION = 1;
				DEVELOPMENT_TEAM = 97K577ZYQT;
				GENERATE_INFOPLIST_FILE = YES;
				MARKETING_VERSION = 1.0;
				PRODUCT_BUNDLE_IDENTIFIER = AlexFallah.RocketMortgageUITests;
				PRODUCT_NAME = "$(TARGET_NAME)";
				SWIFT_EMIT_LOC_STRINGS = NO;
				SWIFT_VERSION = 5.0;
				TARGETED_DEVICE_FAMILY = "1,2";
				TEST_TARGET_NAME = RocketMortgage;
			};
			name = Debug;
		};
		A211AD7428DA9D1B0083EDFD /* Release */ = {
			isa = XCBuildConfiguration;
			buildSettings = {
				ALWAYS_EMBED_SWIFT_STANDARD_LIBRARIES = YES;
				CODE_SIGN_STYLE = Automatic;
				CURRENT_PROJECT_VERSION = 1;
				DEVELOPMENT_TEAM = 97K577ZYQT;
				GENERATE_INFOPLIST_FILE = YES;
				MARKETING_VERSION = 1.0;
				PRODUCT_BUNDLE_IDENTIFIER = AlexFallah.RocketMortgageUITests;
				PRODUCT_NAME = "$(TARGET_NAME)";
				SWIFT_EMIT_LOC_STRINGS = NO;
				SWIFT_VERSION = 5.0;
				TARGETED_DEVICE_FAMILY = "1,2";
				TEST_TARGET_NAME = RocketMortgage;
			};
			name = Release;
		};
/* End XCBuildConfiguration section */

/* Begin XCConfigurationList section */
		A211AD3D28DA9D1A0083EDFD /* Build configuration list for PBXProject "RocketMortgage" */ = {
			isa = XCConfigurationList;
			buildConfigurations = (
				A211AD6A28DA9D1B0083EDFD /* Debug */,
				A211AD6B28DA9D1B0083EDFD /* Release */,
			);
			defaultConfigurationIsVisible = 0;
			defaultConfigurationName = Release;
		};
		A211AD6C28DA9D1B0083EDFD /* Build configuration list for PBXNativeTarget "RocketMortgage" */ = {
			isa = XCConfigurationList;
			buildConfigurations = (
				A211AD6D28DA9D1B0083EDFD /* Debug */,
				A211AD6E28DA9D1B0083EDFD /* Release */,
			);
			defaultConfigurationIsVisible = 0;
			defaultConfigurationName = Release;
		};
		A211AD6F28DA9D1B0083EDFD /* Build configuration list for PBXNativeTarget "RocketMortgageTests" */ = {
			isa = XCConfigurationList;
			buildConfigurations = (
				A211AD7028DA9D1B0083EDFD /* Debug */,
				A211AD7128DA9D1B0083EDFD /* Release */,
			);
			defaultConfigurationIsVisible = 0;
			defaultConfigurationName = Release;
		};
		A211AD7228DA9D1B0083EDFD /* Build configuration list for PBXNativeTarget "RocketMortgageUITests" */ = {
			isa = XCConfigurationList;
			buildConfigurations = (
				A211AD7328DA9D1B0083EDFD /* Debug */,
				A211AD7428DA9D1B0083EDFD /* Release */,
			);
			defaultConfigurationIsVisible = 0;
			defaultConfigurationName = Release;
		};
/* End XCConfigurationList section */
	};
	rootObject = A211AD3A28DA9D1A0083EDFD /* Project object */;
}
